
Microsoft Visual Studio Solution File, Format Version 12.00
# Visual Studio 15
VisualStudioVersion = 15.0.28307.902
MinimumVisualStudioVersion = 10.0.40219.1
Project("{FAE04EC0-301F-11D3-BF4B-00C04F79EFBC}") = "PasswordsCollection", "PasswordsCollection\PasswordsCollection.csproj", "{D308380A-CCCD-45FF-8535-20F277F85D1A}"
EndProject
Global
	GlobalSection(SolutionConfigurationPlatforms) = preSolution
		Debug|Any CPU = Debug|Any CPU
		Release|Any CPU = Release|Any CPU
	EndGlobalSection
	GlobalSection(ProjectConfigurationPlatforms) = postSolution
		{D308380A-CCCD-45FF-8535-20F277F85D1A}.Debug|Any CPU.ActiveCfg = Debug|Any CPU
		{D308380A-CCCD-45FF-8535-20F277F85D1A}.Debug|Any CPU.Build.0 = Debug|Any CPU
		{D308380A-CCCD-45FF-8535-20F277F85D1A}.Release|Any CPU.ActiveCfg = Release|Any CPU
		{D308380A-CCCD-45FF-8535-20F277F85D1A}.Release|Any CPU.Build.0 = Release|Any CPU
	EndGlobalSection
	GlobalSection(SolutionProperties) = preSolution
		HideSolutionNode = FALSE
	EndGlobalSection
	GlobalSection(ExtensibilityGlobals) = postSolution
		SolutionGuid = {AA7E27C8-78D6-418C-B97B-F6F98B944C99}
	EndGlobalSection
EndGlobal
